
Microsoft Visual Studio Solution File, Format Version 12.00
Project("{2150E333-8FDC-42A3-9474-1A3956D46DE8}") = "src", "src", "{B495D529-FEE3-4E3E-BFDD-8B0C7EE69426}"
EndProject
Project("{FAE04EC0-301F-11D3-BF4B-00C04F79EFBC}") = "Web.Admin", "src\Web.Admin\Web.Admin.csproj", "{F14752AF-BB54-43A5-8301-AE7427C6FAB7}"
EndProject
Project("{FAE04EC0-301F-11D3-BF4B-00C04F79EFBC}") = "Core", "src\Core\Core.csproj", "{23DAFFEF-5178-4617-8A41-7BA221548CB5}"
EndProject
Project("{FAE04EC0-301F-11D3-BF4B-00C04F79EFBC}") = "Infrastructure", "src\Infrastructure\Infrastructure.csproj", "{E86A3308-1313-44C3-83CA-E365935AC091}"
EndProject
Project("{FAE04EC0-301F-11D3-BF4B-00C04F79EFBC}") = "Infrastructure.SqlServer", "src\Infrastructure.SqlServer\Infrastructure.SqlServer.csproj", "{8416F668-34AE-4986-94ED-7F4A91F4CC40}"
EndProject
Project("{FAE04EC0-301F-11D3-BF4B-00C04F79EFBC}") = "Localization", "src\Localization\Localization.csproj", "{1DBC6E48-5E29-4AF1-964F-D546CF916A53}"
EndProject
Project("{FAE04EC0-301F-11D3-BF4B-00C04F79EFBC}") = "Web.Store", "src\Web.Store\Web.Store.csproj", "{4E8EE3F4-7596-4612-99E7-0B14A2129F97}"
EndProject
Project("{FAE04EC0-301F-11D3-BF4B-00C04F79EFBC}") = "Web", "src\Web\Web.csproj", "{64FDA7D1-B487-481C-AFEC-45FB976F9BA2}"
EndProject
Project("{2150E333-8FDC-42A3-9474-1A3956D46DE8}") = "Solution Items", "Solution Items", "{485BF495-8BD4-49B5-A4FB-B85D3F012B55}"
	ProjectSection(SolutionItems) = preProject
		Directory.Packages.props = Directory.Packages.props
	EndProjectSection
EndProject
Global
	GlobalSection(SolutionConfigurationPlatforms) = preSolution
		Debug|Any CPU = Debug|Any CPU
		Release|Any CPU = Release|Any CPU
	EndGlobalSection
	GlobalSection(ProjectConfigurationPlatforms) = postSolution
		{F14752AF-BB54-43A5-8301-AE7427C6FAB7}.Debug|Any CPU.ActiveCfg = Debug|Any CPU
		{F14752AF-BB54-43A5-8301-AE7427C6FAB7}.Debug|Any CPU.Build.0 = Debug|Any CPU
		{F14752AF-BB54-43A5-8301-AE7427C6FAB7}.Release|Any CPU.ActiveCfg = Release|Any CPU
		{F14752AF-BB54-43A5-8301-AE7427C6FAB7}.Release|Any CPU.Build.0 = Release|Any CPU
		{23DAFFEF-5178-4617-8A41-7BA221548CB5}.Debug|Any CPU.ActiveCfg = Debug|Any CPU
		{23DAFFEF-5178-4617-8A41-7BA221548CB5}.Debug|Any CPU.Build.0 = Debug|Any CPU
		{23DAFFEF-5178-4617-8A41-7BA221548CB5}.Release|Any CPU.ActiveCfg = Release|Any CPU
		{23DAFFEF-5178-4617-8A41-7BA221548CB5}.Release|Any CPU.Build.0 = Release|Any CPU
		{E86A3308-1313-44C3-83CA-E365935AC091}.Debug|Any CPU.ActiveCfg = Debug|Any CPU
		{E86A3308-1313-44C3-83CA-E365935AC091}.Debug|Any CPU.Build.0 = Debug|Any CPU
		{E86A3308-1313-44C3-83CA-E365935AC091}.Release|Any CPU.ActiveCfg = Release|Any CPU
		{E86A3308-1313-44C3-83CA-E365935AC091}.Release|Any CPU.Build.0 = Release|Any CPU
		{8416F668-34AE-4986-94ED-7F4A91F4CC40}.Debug|Any CPU.ActiveCfg = Debug|Any CPU
		{8416F668-34AE-4986-94ED-7F4A91F4CC40}.Debug|Any CPU.Build.0 = Debug|Any CPU
		{8416F668-34AE-4986-94ED-7F4A91F4CC40}.Release|Any CPU.ActiveCfg = Release|Any CPU
		{8416F668-34AE-4986-94ED-7F4A91F4CC40}.Release|Any CPU.Build.0 = Release|Any CPU
		{1DBC6E48-5E29-4AF1-964F-D546CF916A53}.Debug|Any CPU.ActiveCfg = Debug|Any CPU
		{1DBC6E48-5E29-4AF1-964F-D546CF916A53}.Debug|Any CPU.Build.0 = Debug|Any CPU
		{1DBC6E48-5E29-4AF1-964F-D546CF916A53}.Release|Any CPU.ActiveCfg = Release|Any CPU
		{1DBC6E48-5E29-4AF1-964F-D546CF916A53}.Release|Any CPU.Build.0 = Release|Any CPU
		{4E8EE3F4-7596-4612-99E7-0B14A2129F97}.Debug|Any CPU.ActiveCfg = Debug|Any CPU
		{4E8EE3F4-7596-4612-99E7-0B14A2129F97}.Debug|Any CPU.Build.0 = Debug|Any CPU
		{4E8EE3F4-7596-4612-99E7-0B14A2129F97}.Release|Any CPU.ActiveCfg = Release|Any CPU
		{4E8EE3F4-7596-4612-99E7-0B14A2129F97}.Release|Any CPU.Build.0 = Release|Any CPU
		{64FDA7D1-B487-481C-AFEC-45FB976F9BA2}.Debug|Any CPU.ActiveCfg = Debug|Any CPU
		{64FDA7D1-B487-481C-AFEC-45FB976F9BA2}.Debug|Any CPU.Build.0 = Debug|Any CPU
		{64FDA7D1-B487-481C-AFEC-45FB976F9BA2}.Release|Any CPU.ActiveCfg = Release|Any CPU
		{64FDA7D1-B487-481C-AFEC-45FB976F9BA2}.Release|Any CPU.Build.0 = Release|Any CPU
	EndGlobalSection
	GlobalSection(NestedProjects) = preSolution
		{F14752AF-BB54-43A5-8301-AE7427C6FAB7} = {B495D529-FEE3-4E3E-BFDD-8B0C7EE69426}
		{23DAFFEF-5178-4617-8A41-7BA221548CB5} = {B495D529-FEE3-4E3E-BFDD-8B0C7EE69426}
		{E86A3308-1313-44C3-83CA-E365935AC091} = {B495D529-FEE3-4E3E-BFDD-8B0C7EE69426}
		{8416F668-34AE-4986-94ED-7F4A91F4CC40} = {B495D529-FEE3-4E3E-BFDD-8B0C7EE69426}
		{1DBC6E48-5E29-4AF1-964F-D546CF916A53} = {B495D529-FEE3-4E3E-BFDD-8B0C7EE69426}
		{4E8EE3F4-7596-4612-99E7-0B14A2129F97} = {B495D529-FEE3-4E3E-BFDD-8B0C7EE69426}
		{64FDA7D1-B487-481C-AFEC-45FB976F9BA2} = {B495D529-FEE3-4E3E-BFDD-8B0C7EE69426}
	EndGlobalSection
EndGlobal
